// !$*UTF8*$!
{
	archiveVersion = 1;
	classes = {
	};
	objectVersion = 56;
	objects = {

/* Begin PBXBuildFile section */
		04479F7EAB81DA38D371CD0B /* Pods_QRevise_Vocabulary_QRevise_VocabularyUITests.framework in Frameworks */ = {isa = PBXBuildFile; fileRef = D27799E92CAFC00E734AA4A2 /* Pods_QRevise_Vocabulary_QRevise_VocabularyUITests.framework */; };
		9D88A9CC2A98724300955B50 /* UIFont.swift in Sources */ = {isa = PBXBuildFile; fileRef = 9D88A9CB2A98724300955B50 /* UIFont.swift */; };
		9D88A9DF2A98782500955B50 /* Nexa-Trial-BookItalic.ttf in Resources */ = {isa = PBXBuildFile; fileRef = 9D88A9CD2A98782400955B50 /* Nexa-Trial-BookItalic.ttf */; };
		9D88A9E02A98782500955B50 /* Nexa-Trial-Book.ttf in Resources */ = {isa = PBXBuildFile; fileRef = 9D88A9CE2A98782400955B50 /* Nexa-Trial-Book.ttf */; };
		9D88A9E12A98782500955B50 /* Nexa-Trial-Heavy.ttf in Resources */ = {isa = PBXBuildFile; fileRef = 9D88A9CF2A98782400955B50 /* Nexa-Trial-Heavy.ttf */; };
		9D88A9E22A98782500955B50 /* Nexa-Trial-ExtraLight.ttf in Resources */ = {isa = PBXBuildFile; fileRef = 9D88A9D02A98782400955B50 /* Nexa-Trial-ExtraLight.ttf */; };
		9D88A9E32A98782500955B50 /* Nexa-Trial-BoldItalic.ttf in Resources */ = {isa = PBXBuildFile; fileRef = 9D88A9D12A98782400955B50 /* Nexa-Trial-BoldItalic.ttf */; };
		9D88A9E42A98782500955B50 /* Nexa-Trial-BlackItalic.ttf in Resources */ = {isa = PBXBuildFile; fileRef = 9D88A9D22A98782400955B50 /* Nexa-Trial-BlackItalic.ttf */; };
		9D88A9E52A98782500955B50 /* Nexa-Trial-ExtraBoldItalic.ttf in Resources */ = {isa = PBXBuildFile; fileRef = 9D88A9D32A98782400955B50 /* Nexa-Trial-ExtraBoldItalic.ttf */; };
		9D88A9E62A98782500955B50 /* Nexa-Trial-Bold.ttf in Resources */ = {isa = PBXBuildFile; fileRef = 9D88A9D42A98782500955B50 /* Nexa-Trial-Bold.ttf */; };
		9D88A9E72A98782500955B50 /* Nexa-Trial-Light.ttf in Resources */ = {isa = PBXBuildFile; fileRef = 9D88A9D52A98782500955B50 /* Nexa-Trial-Light.ttf */; };
		9D88A9E82A98782500955B50 /* Nexa-Trial-Black.ttf in Resources */ = {isa = PBXBuildFile; fileRef = 9D88A9D62A98782500955B50 /* Nexa-Trial-Black.ttf */; };
		9D88A9E92A98782500955B50 /* Nexa-Trial-ExtraBold.ttf in Resources */ = {isa = PBXBuildFile; fileRef = 9D88A9D72A98782500955B50 /* Nexa-Trial-ExtraBold.ttf */; };
		9D88A9EA2A98782500955B50 /* Nexa-Trial-LightItalic.ttf in Resources */ = {isa = PBXBuildFile; fileRef = 9D88A9D82A98782500955B50 /* Nexa-Trial-LightItalic.ttf */; };
		9D88A9EB2A98782500955B50 /* Nexa-Trial-Regular.ttf in Resources */ = {isa = PBXBuildFile; fileRef = 9D88A9D92A98782500955B50 /* Nexa-Trial-Regular.ttf */; };
		9D88A9EC2A98782500955B50 /* Nexa-Trial-RegularItalic.ttf in Resources */ = {isa = PBXBuildFile; fileRef = 9D88A9DA2A98782500955B50 /* Nexa-Trial-RegularItalic.ttf */; };
		9D88A9ED2A98782500955B50 /* Nexa-Trial-ExtraLightItalic.ttf in Resources */ = {isa = PBXBuildFile; fileRef = 9D88A9DB2A98782500955B50 /* Nexa-Trial-ExtraLightItalic.ttf */; };
		9D88A9EE2A98782500955B50 /* Nexa-Trial-ThinItalic.ttf in Resources */ = {isa = PBXBuildFile; fileRef = 9D88A9DC2A98782500955B50 /* Nexa-Trial-ThinItalic.ttf */; };
		9D88A9EF2A98782500955B50 /* Nexa-Trial-HeavyItalic.ttf in Resources */ = {isa = PBXBuildFile; fileRef = 9D88A9DD2A98782500955B50 /* Nexa-Trial-HeavyItalic.ttf */; };
		9D88A9F02A98782500955B50 /* Nexa-Trial-Thin.ttf in Resources */ = {isa = PBXBuildFile; fileRef = 9D88A9DE2A98782500955B50 /* Nexa-Trial-Thin.ttf */; };
		9D88A9F32A988F5000955B50 /* UIColor.swift in Sources */ = {isa = PBXBuildFile; fileRef = 9D88A9F22A988F5000955B50 /* UIColor.swift */; };
		9DBF3DC62A92289E00B7D86A /* AppDelegate.swift in Sources */ = {isa = PBXBuildFile; fileRef = 9DBF3DC52A92289E00B7D86A /* AppDelegate.swift */; };
		9DBF3DC82A92289E00B7D86A /* SceneDelegate.swift in Sources */ = {isa = PBXBuildFile; fileRef = 9DBF3DC72A92289E00B7D86A /* SceneDelegate.swift */; };
		9DBF3DCA2A92289E00B7D86A /* ViewController.swift in Sources */ = {isa = PBXBuildFile; fileRef = 9DBF3DC92A92289E00B7D86A /* ViewController.swift */; };
		9DBF3DCD2A92289E00B7D86A /* Main.storyboard in Resources */ = {isa = PBXBuildFile; fileRef = 9DBF3DCB2A92289E00B7D86A /* Main.storyboard */; };
		9DBF3DCF2A92289F00B7D86A /* Assets.xcassets in Resources */ = {isa = PBXBuildFile; fileRef = 9DBF3DCE2A92289F00B7D86A /* Assets.xcassets */; };
		9DBF3DD22A92289F00B7D86A /* LaunchScreen.storyboard in Resources */ = {isa = PBXBuildFile; fileRef = 9DBF3DD02A92289F00B7D86A /* LaunchScreen.storyboard */; };
		9DBF3DDD2A92289F00B7D86A /* QRevise_VocabularyTests.swift in Sources */ = {isa = PBXBuildFile; fileRef = 9DBF3DDC2A92289F00B7D86A /* QRevise_VocabularyTests.swift */; };
		9DBF3DE72A92289F00B7D86A /* QRevise_VocabularyUITests.swift in Sources */ = {isa = PBXBuildFile; fileRef = 9DBF3DE62A92289F00B7D86A /* QRevise_VocabularyUITests.swift */; };
		9DBF3DE92A92289F00B7D86A /* QRevise_VocabularyUITestsLaunchTests.swift in Sources */ = {isa = PBXBuildFile; fileRef = 9DBF3DE82A92289F00B7D86A /* QRevise_VocabularyUITestsLaunchTests.swift */; };
		9DBF3E0A2A922B5200B7D86A /* UILabel.swift in Sources */ = {isa = PBXBuildFile; fileRef = 9DBF3E082A922B5200B7D86A /* UILabel.swift */; };
		9DBF3E0B2A922B5200B7D86A /* UITableViewCell.swift in Sources */ = {isa = PBXBuildFile; fileRef = 9DBF3E092A922B5200B7D86A /* UITableViewCell.swift */; };
		9DBF3E0D2A922B6300B7D86A /* AppCoordinator.swift in Sources */ = {isa = PBXBuildFile; fileRef = 9DBF3E0C2A922B6300B7D86A /* AppCoordinator.swift */; };
		9DBF3E172A922B9F00B7D86A /* AddNewWordViewModel.swift in Sources */ = {isa = PBXBuildFile; fileRef = 9DBF3E142A922B9F00B7D86A /* AddNewWordViewModel.swift */; };
		9DBF3E1B2A922BAA00B7D86A /* ReviseWordViewController.swift in Sources */ = {isa = PBXBuildFile; fileRef = 9DBF3E182A922BAA00B7D86A /* ReviseWordViewController.swift */; };
		9DBF3E1C2A922BAA00B7D86A /* ReviseWordViewController.xib in Resources */ = {isa = PBXBuildFile; fileRef = 9DBF3E192A922BAA00B7D86A /* ReviseWordViewController.xib */; };
		9DBF3E1D2A922BAA00B7D86A /* ReviseWordViewModel.swift in Sources */ = {isa = PBXBuildFile; fileRef = 9DBF3E1A2A922BAA00B7D86A /* ReviseWordViewModel.swift */; };
		9DBF3E1F2A922BB700B7D86A /* LearningCoordinator.swift in Sources */ = {isa = PBXBuildFile; fileRef = 9DBF3E1E2A922BB700B7D86A /* LearningCoordinator.swift */; };
		9DBF3E262A922BE200B7D86A /* BaseUIViewController.swift in Sources */ = {isa = PBXBuildFile; fileRef = 9DBF3E222A922BE100B7D86A /* BaseUIViewController.swift */; };
		9DBF3E272A922BE200B7D86A /* BaseRoute.swift in Sources */ = {isa = PBXBuildFile; fileRef = 9DBF3E232A922BE100B7D86A /* BaseRoute.swift */; };
		9DBF3E282A922BE200B7D86A /* BaseUINavigation.swift in Sources */ = {isa = PBXBuildFile; fileRef = 9DBF3E242A922BE100B7D86A /* BaseUINavigation.swift */; };
		9DBF3E292A922BE200B7D86A /* BaseCoordinator.swift in Sources */ = {isa = PBXBuildFile; fileRef = 9DBF3E252A922BE200B7D86A /* BaseCoordinator.swift */; };
		9DBF3E322A922C8D00B7D86A /* TwoLabelTableViewCell.swift in Sources */ = {isa = PBXBuildFile; fileRef = 9DBF3E302A922C8D00B7D86A /* TwoLabelTableViewCell.swift */; };
		9DBF3E332A922C8D00B7D86A /* TwoLabelTableViewCell.xib in Resources */ = {isa = PBXBuildFile; fileRef = 9DBF3E312A922C8D00B7D86A /* TwoLabelTableViewCell.xib */; };
		9DBF3E362A92301100B7D86A /* AddNewWordViewController.swift in Sources */ = {isa = PBXBuildFile; fileRef = 9DBF3E342A92301100B7D86A /* AddNewWordViewController.swift */; };
		9DBF3E372A92301100B7D86A /* AddNewWordViewController.xib in Resources */ = {isa = PBXBuildFile; fileRef = 9DBF3E352A92301100B7D86A /* AddNewWordViewController.xib */; };
		E478B79B99EA42140F2E6C3A /* Pods_QRevise_VocabularyTests.framework in Frameworks */ = {isa = PBXBuildFile; fileRef = 6B61B07297D8A454A751A4DB /* Pods_QRevise_VocabularyTests.framework */; };
		EDC177BA04412A0EC5C23546 /* Pods_QRevise_Vocabulary.framework in Frameworks */ = {isa = PBXBuildFile; fileRef = 64D4EF51DE289ECC41C1BB93 /* Pods_QRevise_Vocabulary.framework */; };
/* End PBXBuildFile section */

/* Begin PBXContainerItemProxy section */
		9DBF3DD92A92289F00B7D86A /* PBXContainerItemProxy */ = {
			isa = PBXContainerItemProxy;
			containerPortal = 9DBF3DBA2A92289E00B7D86A /* Project object */;
			proxyType = 1;
			remoteGlobalIDString = 9DBF3DC12A92289E00B7D86A;
			remoteInfo = QRevise_Vocabulary;
		};
		9DBF3DE32A92289F00B7D86A /* PBXContainerItemProxy */ = {
			isa = PBXContainerItemProxy;
			containerPortal = 9DBF3DBA2A92289E00B7D86A /* Project object */;
			proxyType = 1;
			remoteGlobalIDString = 9DBF3DC12A92289E00B7D86A;
			remoteInfo = QRevise_Vocabulary;
		};
/* End PBXContainerItemProxy section */

/* Begin PBXFileReference section */
		283B20006BCC9124ABFC0F06 /* Pods-QRevise_Vocabulary.debug.xcconfig */ = {isa = PBXFileReference; includeInIndex = 1; lastKnownFileType = text.xcconfig; name = "Pods-QRevise_Vocabulary.debug.xcconfig"; path = "Target Support Files/Pods-QRevise_Vocabulary/Pods-QRevise_Vocabulary.debug.xcconfig"; sourceTree = "<group>"; };
		64D4EF51DE289ECC41C1BB93 /* Pods_QRevise_Vocabulary.framework */ = {isa = PBXFileReference; explicitFileType = wrapper.framework; includeInIndex = 0; path = Pods_QRevise_Vocabulary.framework; sourceTree = BUILT_PRODUCTS_DIR; };
		6B61B07297D8A454A751A4DB /* Pods_QRevise_VocabularyTests.framework */ = {isa = PBXFileReference; explicitFileType = wrapper.framework; includeInIndex = 0; path = Pods_QRevise_VocabularyTests.framework; sourceTree = BUILT_PRODUCTS_DIR; };
		9D88A9CB2A98724300955B50 /* UIFont.swift */ = {isa = PBXFileReference; lastKnownFileType = sourcecode.swift; path = UIFont.swift; sourceTree = "<group>"; };
		9D88A9CD2A98782400955B50 /* Nexa-Trial-BookItalic.ttf */ = {isa = PBXFileReference; lastKnownFileType = file; path = "Nexa-Trial-BookItalic.ttf"; sourceTree = "<group>"; };
		9D88A9CE2A98782400955B50 /* Nexa-Trial-Book.ttf */ = {isa = PBXFileReference; lastKnownFileType = file; path = "Nexa-Trial-Book.ttf"; sourceTree = "<group>"; };
		9D88A9CF2A98782400955B50 /* Nexa-Trial-Heavy.ttf */ = {isa = PBXFileReference; lastKnownFileType = file; path = "Nexa-Trial-Heavy.ttf"; sourceTree = "<group>"; };
		9D88A9D02A98782400955B50 /* Nexa-Trial-ExtraLight.ttf */ = {isa = PBXFileReference; lastKnownFileType = file; path = "Nexa-Trial-ExtraLight.ttf"; sourceTree = "<group>"; };
		9D88A9D12A98782400955B50 /* Nexa-Trial-BoldItalic.ttf */ = {isa = PBXFileReference; lastKnownFileType = file; path = "Nexa-Trial-BoldItalic.ttf"; sourceTree = "<group>"; };
		9D88A9D22A98782400955B50 /* Nexa-Trial-BlackItalic.ttf */ = {isa = PBXFileReference; lastKnownFileType = file; path = "Nexa-Trial-BlackItalic.ttf"; sourceTree = "<group>"; };
		9D88A9D32A98782400955B50 /* Nexa-Trial-ExtraBoldItalic.ttf */ = {isa = PBXFileReference; lastKnownFileType = file; path = "Nexa-Trial-ExtraBoldItalic.ttf"; sourceTree = "<group>"; };
		9D88A9D42A98782500955B50 /* Nexa-Trial-Bold.ttf */ = {isa = PBXFileReference; lastKnownFileType = file; path = "Nexa-Trial-Bold.ttf"; sourceTree = "<group>"; };
		9D88A9D52A98782500955B50 /* Nexa-Trial-Light.ttf */ = {isa = PBXFileReference; lastKnownFileType = file; path = "Nexa-Trial-Light.ttf"; sourceTree = "<group>"; };
		9D88A9D62A98782500955B50 /* Nexa-Trial-Black.ttf */ = {isa = PBXFileReference; lastKnownFileType = file; path = "Nexa-Trial-Black.ttf"; sourceTree = "<group>"; };
		9D88A9D72A98782500955B50 /* Nexa-Trial-ExtraBold.ttf */ = {isa = PBXFileReference; lastKnownFileType = file; path = "Nexa-Trial-ExtraBold.ttf"; sourceTree = "<group>"; };
		9D88A9D82A98782500955B50 /* Nexa-Trial-LightItalic.ttf */ = {isa = PBXFileReference; lastKnownFileType = file; path = "Nexa-Trial-LightItalic.ttf"; sourceTree = "<group>"; };
		9D88A9D92A98782500955B50 /* Nexa-Trial-Regular.ttf */ = {isa = PBXFileReference; lastKnownFileType = file; path = "Nexa-Trial-Regular.ttf"; sourceTree = "<group>"; };
		9D88A9DA2A98782500955B50 /* Nexa-Trial-RegularItalic.ttf */ = {isa = PBXFileReference; lastKnownFileType = file; path = "Nexa-Trial-RegularItalic.ttf"; sourceTree = "<group>"; };
		9D88A9DB2A98782500955B50 /* Nexa-Trial-ExtraLightItalic.ttf */ = {isa = PBXFileReference; lastKnownFileType = file; path = "Nexa-Trial-ExtraLightItalic.ttf"; sourceTree = "<group>"; };
		9D88A9DC2A98782500955B50 /* Nexa-Trial-ThinItalic.ttf */ = {isa = PBXFileReference; lastKnownFileType = file; path = "Nexa-Trial-ThinItalic.ttf"; sourceTree = "<group>"; };
		9D88A9DD2A98782500955B50 /* Nexa-Trial-HeavyItalic.ttf */ = {isa = PBXFileReference; lastKnownFileType = file; path = "Nexa-Trial-HeavyItalic.ttf"; sourceTree = "<group>"; };
		9D88A9DE2A98782500955B50 /* Nexa-Trial-Thin.ttf */ = {isa = PBXFileReference; lastKnownFileType = file; path = "Nexa-Trial-Thin.ttf"; sourceTree = "<group>"; };
		9D88A9F22A988F5000955B50 /* UIColor.swift */ = {isa = PBXFileReference; lastKnownFileType = sourcecode.swift; path = UIColor.swift; sourceTree = "<group>"; };
		9DBF3DC22A92289E00B7D86A /* QRevise_Vocabulary.app */ = {isa = PBXFileReference; explicitFileType = wrapper.application; includeInIndex = 0; path = QRevise_Vocabulary.app; sourceTree = BUILT_PRODUCTS_DIR; };
		9DBF3DC52A92289E00B7D86A /* AppDelegate.swift */ = {isa = PBXFileReference; lastKnownFileType = sourcecode.swift; path = AppDelegate.swift; sourceTree = "<group>"; };
		9DBF3DC72A92289E00B7D86A /* SceneDelegate.swift */ = {isa = PBXFileReference; lastKnownFileType = sourcecode.swift; path = SceneDelegate.swift; sourceTree = "<group>"; };
		9DBF3DC92A92289E00B7D86A /* ViewController.swift */ = {isa = PBXFileReference; lastKnownFileType = sourcecode.swift; path = ViewController.swift; sourceTree = "<group>"; };
		9DBF3DCC2A92289E00B7D86A /* Base */ = {isa = PBXFileReference; lastKnownFileType = file.storyboard; name = Base; path = Base.lproj/Main.storyboard; sourceTree = "<group>"; };
		9DBF3DCE2A92289F00B7D86A /* Assets.xcassets */ = {isa = PBXFileReference; lastKnownFileType = folder.assetcatalog; path = Assets.xcassets; sourceTree = "<group>"; };
		9DBF3DD12A92289F00B7D86A /* Base */ = {isa = PBXFileReference; lastKnownFileType = file.storyboard; name = Base; path = Base.lproj/LaunchScreen.storyboard; sourceTree = "<group>"; };
		9DBF3DD32A92289F00B7D86A /* Info.plist */ = {isa = PBXFileReference; lastKnownFileType = text.plist.xml; path = Info.plist; sourceTree = "<group>"; };
		9DBF3DD82A92289F00B7D86A /* QRevise_VocabularyTests.xctest */ = {isa = PBXFileReference; explicitFileType = wrapper.cfbundle; includeInIndex = 0; path = QRevise_VocabularyTests.xctest; sourceTree = BUILT_PRODUCTS_DIR; };
		9DBF3DDC2A92289F00B7D86A /* QRevise_VocabularyTests.swift */ = {isa = PBXFileReference; lastKnownFileType = sourcecode.swift; path = QRevise_VocabularyTests.swift; sourceTree = "<group>"; };
		9DBF3DE22A92289F00B7D86A /* QRevise_VocabularyUITests.xctest */ = {isa = PBXFileReference; explicitFileType = wrapper.cfbundle; includeInIndex = 0; path = QRevise_VocabularyUITests.xctest; sourceTree = BUILT_PRODUCTS_DIR; };
		9DBF3DE62A92289F00B7D86A /* QRevise_VocabularyUITests.swift */ = {isa = PBXFileReference; lastKnownFileType = sourcecode.swift; path = QRevise_VocabularyUITests.swift; sourceTree = "<group>"; };
		9DBF3DE82A92289F00B7D86A /* QRevise_VocabularyUITestsLaunchTests.swift */ = {isa = PBXFileReference; lastKnownFileType = sourcecode.swift; path = QRevise_VocabularyUITestsLaunchTests.swift; sourceTree = "<group>"; };
		9DBF3E082A922B5200B7D86A /* UILabel.swift */ = {isa = PBXFileReference; fileEncoding = 4; lastKnownFileType = sourcecode.swift; path = UILabel.swift; sourceTree = "<group>"; };
		9DBF3E092A922B5200B7D86A /* UITableViewCell.swift */ = {isa = PBXFileReference; fileEncoding = 4; lastKnownFileType = sourcecode.swift; path = UITableViewCell.swift; sourceTree = "<group>"; };
		9DBF3E0C2A922B6300B7D86A /* AppCoordinator.swift */ = {isa = PBXFileReference; fileEncoding = 4; lastKnownFileType = sourcecode.swift; path = AppCoordinator.swift; sourceTree = "<group>"; };
		9DBF3E142A922B9F00B7D86A /* AddNewWordViewModel.swift */ = {isa = PBXFileReference; fileEncoding = 4; lastKnownFileType = sourcecode.swift; path = AddNewWordViewModel.swift; sourceTree = "<group>"; };
		9DBF3E182A922BAA00B7D86A /* ReviseWordViewController.swift */ = {isa = PBXFileReference; fileEncoding = 4; lastKnownFileType = sourcecode.swift; path = ReviseWordViewController.swift; sourceTree = "<group>"; };
		9DBF3E192A922BAA00B7D86A /* ReviseWordViewController.xib */ = {isa = PBXFileReference; fileEncoding = 4; lastKnownFileType = file.xib; path = ReviseWordViewController.xib; sourceTree = "<group>"; };
		9DBF3E1A2A922BAA00B7D86A /* ReviseWordViewModel.swift */ = {isa = PBXFileReference; fileEncoding = 4; lastKnownFileType = sourcecode.swift; path = ReviseWordViewModel.swift; sourceTree = "<group>"; };
		9DBF3E1E2A922BB700B7D86A /* LearningCoordinator.swift */ = {isa = PBXFileReference; fileEncoding = 4; lastKnownFileType = sourcecode.swift; path = LearningCoordinator.swift; sourceTree = "<group>"; };
		9DBF3E222A922BE100B7D86A /* BaseUIViewController.swift */ = {isa = PBXFileReference; fileEncoding = 4; lastKnownFileType = sourcecode.swift; path = BaseUIViewController.swift; sourceTree = "<group>"; };
		9DBF3E232A922BE100B7D86A /* BaseRoute.swift */ = {isa = PBXFileReference; fileEncoding = 4; lastKnownFileType = sourcecode.swift; path = BaseRoute.swift; sourceTree = "<group>"; };
		9DBF3E242A922BE100B7D86A /* BaseUINavigation.swift */ = {isa = PBXFileReference; fileEncoding = 4; lastKnownFileType = sourcecode.swift; path = BaseUINavigation.swift; sourceTree = "<group>"; };
		9DBF3E252A922BE200B7D86A /* BaseCoordinator.swift */ = {isa = PBXFileReference; fileEncoding = 4; lastKnownFileType = sourcecode.swift; path = BaseCoordinator.swift; sourceTree = "<group>"; };
		9DBF3E302A922C8D00B7D86A /* TwoLabelTableViewCell.swift */ = {isa = PBXFileReference; fileEncoding = 4; lastKnownFileType = sourcecode.swift; path = TwoLabelTableViewCell.swift; sourceTree = "<group>"; };
		9DBF3E312A922C8D00B7D86A /* TwoLabelTableViewCell.xib */ = {isa = PBXFileReference; fileEncoding = 4; lastKnownFileType = file.xib; path = TwoLabelTableViewCell.xib; sourceTree = "<group>"; };
		9DBF3E342A92301100B7D86A /* AddNewWordViewController.swift */ = {isa = PBXFileReference; lastKnownFileType = sourcecode.swift; path = AddNewWordViewController.swift; sourceTree = "<group>"; };
		9DBF3E352A92301100B7D86A /* AddNewWordViewController.xib */ = {isa = PBXFileReference; lastKnownFileType = file.xib; path = AddNewWordViewController.xib; sourceTree = "<group>"; };
		B0DD25E4408B2CFCFBFF2B7B /* Pods-QRevise_VocabularyTests.release.xcconfig */ = {isa = PBXFileReference; includeInIndex = 1; lastKnownFileType = text.xcconfig; name = "Pods-QRevise_VocabularyTests.release.xcconfig"; path = "Target Support Files/Pods-QRevise_VocabularyTests/Pods-QRevise_VocabularyTests.release.xcconfig"; sourceTree = "<group>"; };
		C27EF1CECC53AE2D094218AD /* Pods-QRevise_VocabularyTests.debug.xcconfig */ = {isa = PBXFileReference; includeInIndex = 1; lastKnownFileType = text.xcconfig; name = "Pods-QRevise_VocabularyTests.debug.xcconfig"; path = "Target Support Files/Pods-QRevise_VocabularyTests/Pods-QRevise_VocabularyTests.debug.xcconfig"; sourceTree = "<group>"; };
		D27799E92CAFC00E734AA4A2 /* Pods_QRevise_Vocabulary_QRevise_VocabularyUITests.framework */ = {isa = PBXFileReference; explicitFileType = wrapper.framework; includeInIndex = 0; path = Pods_QRevise_Vocabulary_QRevise_VocabularyUITests.framework; sourceTree = BUILT_PRODUCTS_DIR; };
		D7E05C55E0A68DBC7A8E7B97 /* Pods-QRevise_Vocabulary.release.xcconfig */ = {isa = PBXFileReference; includeInIndex = 1; lastKnownFileType = text.xcconfig; name = "Pods-QRevise_Vocabulary.release.xcconfig"; path = "Target Support Files/Pods-QRevise_Vocabulary/Pods-QRevise_Vocabulary.release.xcconfig"; sourceTree = "<group>"; };
		E16DEA90A6580D0A5DAA6943 /* Pods-QRevise_Vocabulary-QRevise_VocabularyUITests.debug.xcconfig */ = {isa = PBXFileReference; includeInIndex = 1; lastKnownFileType = text.xcconfig; name = "Pods-QRevise_Vocabulary-QRevise_VocabularyUITests.debug.xcconfig"; path = "Target Support Files/Pods-QRevise_Vocabulary-QRevise_VocabularyUITests/Pods-QRevise_Vocabulary-QRevise_VocabularyUITests.debug.xcconfig"; sourceTree = "<group>"; };
		F2C2FC8E58F506CEEEB6B252 /* Pods-QRevise_Vocabulary-QRevise_VocabularyUITests.release.xcconfig */ = {isa = PBXFileReference; includeInIndex = 1; lastKnownFileType = text.xcconfig; name = "Pods-QRevise_Vocabulary-QRevise_VocabularyUITests.release.xcconfig"; path = "Target Support Files/Pods-QRevise_Vocabulary-QRevise_VocabularyUITests/Pods-QRevise_Vocabulary-QRevise_VocabularyUITests.release.xcconfig"; sourceTree = "<group>"; };
/* End PBXFileReference section */

/* Begin PBXFrameworksBuildPhase section */
		9DBF3DBF2A92289E00B7D86A /* Frameworks */ = {
			isa = PBXFrameworksBuildPhase;
			buildActionMask = 2147483647;
			files = (
				EDC177BA04412A0EC5C23546 /* Pods_QRevise_Vocabulary.framework in Frameworks */,
			);
			runOnlyForDeploymentPostprocessing = 0;
		};
		9DBF3DD52A92289F00B7D86A /* Frameworks */ = {
			isa = PBXFrameworksBuildPhase;
			buildActionMask = 2147483647;
			files = (
				E478B79B99EA42140F2E6C3A /* Pods_QRevise_VocabularyTests.framework in Frameworks */,
			);
			runOnlyForDeploymentPostprocessing = 0;
		};
		9DBF3DDF2A92289F00B7D86A /* Frameworks */ = {
			isa = PBXFrameworksBuildPhase;
			buildActionMask = 2147483647;
			files = (
				04479F7EAB81DA38D371CD0B /* Pods_QRevise_Vocabulary_QRevise_VocabularyUITests.framework in Frameworks */,
			);
			runOnlyForDeploymentPostprocessing = 0;
		};
/* End PBXFrameworksBuildPhase section */

/* Begin PBXGroup section */
		9D88A9B82A98690C00955B50 /* Fonts */ = {
			isa = PBXGroup;
			children = (
				9D88A9D62A98782500955B50 /* Nexa-Trial-Black.ttf */,
				9D88A9D22A98782400955B50 /* Nexa-Trial-BlackItalic.ttf */,
				9D88A9D42A98782500955B50 /* Nexa-Trial-Bold.ttf */,
				9D88A9D12A98782400955B50 /* Nexa-Trial-BoldItalic.ttf */,
				9D88A9CE2A98782400955B50 /* Nexa-Trial-Book.ttf */,
				9D88A9CD2A98782400955B50 /* Nexa-Trial-BookItalic.ttf */,
				9D88A9D72A98782500955B50 /* Nexa-Trial-ExtraBold.ttf */,
				9D88A9D32A98782400955B50 /* Nexa-Trial-ExtraBoldItalic.ttf */,
				9D88A9D02A98782400955B50 /* Nexa-Trial-ExtraLight.ttf */,
				9D88A9DB2A98782500955B50 /* Nexa-Trial-ExtraLightItalic.ttf */,
				9D88A9CF2A98782400955B50 /* Nexa-Trial-Heavy.ttf */,
				9D88A9DD2A98782500955B50 /* Nexa-Trial-HeavyItalic.ttf */,
				9D88A9D52A98782500955B50 /* Nexa-Trial-Light.ttf */,
				9D88A9D82A98782500955B50 /* Nexa-Trial-LightItalic.ttf */,
				9D88A9D92A98782500955B50 /* Nexa-Trial-Regular.ttf */,
				9D88A9DA2A98782500955B50 /* Nexa-Trial-RegularItalic.ttf */,
				9D88A9DE2A98782500955B50 /* Nexa-Trial-Thin.ttf */,
				9D88A9DC2A98782500955B50 /* Nexa-Trial-ThinItalic.ttf */,
			);
			path = Fonts;
			sourceTree = "<group>";
		};
		9D88A9F12A988F1800955B50 /* Helper */ = {
			isa = PBXGroup;
			children = (
				9D88A9CB2A98724300955B50 /* UIFont.swift */,
				9D88A9F22A988F5000955B50 /* UIColor.swift */,
			);
			path = Helper;
			sourceTree = "<group>";
		};
		9DBF3DB92A92289E00B7D86A = {
			isa = PBXGroup;
			children = (
				9DBF3DC42A92289E00B7D86A /* QRevise_Vocabulary */,
				9DBF3DDB2A92289F00B7D86A /* QRevise_VocabularyTests */,
				9DBF3DE52A92289F00B7D86A /* QRevise_VocabularyUITests */,
				9DBF3DC32A92289E00B7D86A /* Products */,
				FF1BB41288E8B314D38E8DBD /* Pods */,
				DBCFE9541E9B00C3FF2AEBDF /* Frameworks */,
			);
			sourceTree = "<group>";
		};
		9DBF3DC32A92289E00B7D86A /* Products */ = {
			isa = PBXGroup;
			children = (
				9DBF3DC22A92289E00B7D86A /* QRevise_Vocabulary.app */,
				9DBF3DD82A92289F00B7D86A /* QRevise_VocabularyTests.xctest */,
				9DBF3DE22A92289F00B7D86A /* QRevise_VocabularyUITests.xctest */,
			);
			name = Products;
			sourceTree = "<group>";
		};
		9DBF3DC42A92289E00B7D86A /* QRevise_Vocabulary */ = {
			isa = PBXGroup;
			children = (
				9DBF3E032A922AA800B7D86A /* Sources */,
				9DBF3E022A922AA000B7D86A /* Resources */,
				9DBF3E012A922A8E00B7D86A /* SupportingFiles */,
				9DBF3DC92A92289E00B7D86A /* ViewController.swift */,
				9DBF3DCB2A92289E00B7D86A /* Main.storyboard */,
				9DBF3DD02A92289F00B7D86A /* LaunchScreen.storyboard */,
				9DBF3DD32A92289F00B7D86A /* Info.plist */,
			);
			path = QRevise_Vocabulary;
			sourceTree = "<group>";
		};
		9DBF3DDB2A92289F00B7D86A /* QRevise_VocabularyTests */ = {
			isa = PBXGroup;
			children = (
				9DBF3DDC2A92289F00B7D86A /* QRevise_VocabularyTests.swift */,
			);
			path = QRevise_VocabularyTests;
			sourceTree = "<group>";
		};
		9DBF3DE52A92289F00B7D86A /* QRevise_VocabularyUITests */ = {
			isa = PBXGroup;
			children = (
				9DBF3DE62A92289F00B7D86A /* QRevise_VocabularyUITests.swift */,
				9DBF3DE82A92289F00B7D86A /* QRevise_VocabularyUITestsLaunchTests.swift */,
			);
			path = QRevise_VocabularyUITests;
			sourceTree = "<group>";
		};
		9DBF3E012A922A8E00B7D86A /* SupportingFiles */ = {
			isa = PBXGroup;
			children = (
				9D88A9F12A988F1800955B50 /* Helper */,
				9DBF3DC72A92289E00B7D86A /* SceneDelegate.swift */,
				9DBF3DC52A92289E00B7D86A /* AppDelegate.swift */,
			);
			path = SupportingFiles;
			sourceTree = "<group>";
		};
		9DBF3E022A922AA000B7D86A /* Resources */ = {
			isa = PBXGroup;
			children = (
				9D88A9B82A98690C00955B50 /* Fonts */,
				9DBF3DCE2A92289F00B7D86A /* Assets.xcassets */,
			);
			path = Resources;
			sourceTree = "<group>";
		};
		9DBF3E032A922AA800B7D86A /* Sources */ = {
			isa = PBXGroup;
			children = (
				9DBF3E2C2A922C1D00B7D86A /* Commons */,
				9DBF3E2B2A922C1100B7D86A /* NetWorking */,
				9DBF3E2A2A922C0200B7D86A /* Models */,
				9DBF3E062A922B2A00B7D86A /* Extensions */,
				9DBF3E0E2A922B6900B7D86A /* Modules */,
				9DBF3E212A922BD400B7D86A /* Bases */,
				9DBF3E0C2A922B6300B7D86A /* AppCoordinator.swift */,
			);
			path = Sources;
			sourceTree = "<group>";
		};
		9DBF3E062A922B2A00B7D86A /* Extensions */ = {
			isa = PBXGroup;
			children = (
				9DBF3E072A922B4100B7D86A /* UIKits */,
			);
			path = Extensions;
			sourceTree = "<group>";
		};
		9DBF3E072A922B4100B7D86A /* UIKits */ = {
			isa = PBXGroup;
			children = (
				9DBF3E082A922B5200B7D86A /* UILabel.swift */,
				9DBF3E092A922B5200B7D86A /* UITableViewCell.swift */,
			);
			path = UIKits;
			sourceTree = "<group>";
		};
		9DBF3E0E2A922B6900B7D86A /* Modules */ = {
			isa = PBXGroup;
			children = (
				9DBF3E0F2A922B7500B7D86A /* Learning */,
			);
			path = Modules;
			sourceTree = "<group>";
		};
		9DBF3E0F2A922B7500B7D86A /* Learning */ = {
			isa = PBXGroup;
			children = (
				9DBF3E1E2A922BB700B7D86A /* LearningCoordinator.swift */,
				9DBF3E112A922B9100B7D86A /* ReviseWord */,
				9DBF3E102A922B8500B7D86A /* AddNewWord */,
			);
			path = Learning;
			sourceTree = "<group>";
		};
		9DBF3E102A922B8500B7D86A /* AddNewWord */ = {
			isa = PBXGroup;
			children = (
				9DBF3E142A922B9F00B7D86A /* AddNewWordViewModel.swift */,
				9DBF3E342A92301100B7D86A /* AddNewWordViewController.swift */,
				9DBF3E352A92301100B7D86A /* AddNewWordViewController.xib */,
			);
			path = AddNewWord;
			sourceTree = "<group>";
		};
		9DBF3E112A922B9100B7D86A /* ReviseWord */ = {
			isa = PBXGroup;
			children = (
				9DBF3E182A922BAA00B7D86A /* ReviseWordViewController.swift */,
				9DBF3E192A922BAA00B7D86A /* ReviseWordViewController.xib */,
				9DBF3E1A2A922BAA00B7D86A /* ReviseWordViewModel.swift */,
			);
			path = ReviseWord;
			sourceTree = "<group>";
		};
		9DBF3E212A922BD400B7D86A /* Bases */ = {
			isa = PBXGroup;
			children = (
				9DBF3E252A922BE200B7D86A /* BaseCoordinator.swift */,
				9DBF3E232A922BE100B7D86A /* BaseRoute.swift */,
				9DBF3E242A922BE100B7D86A /* BaseUINavigation.swift */,
				9DBF3E222A922BE100B7D86A /* BaseUIViewController.swift */,
			);
			path = Bases;
			sourceTree = "<group>";
		};
		9DBF3E2A2A922C0200B7D86A /* Models */ = {
			isa = PBXGroup;
			children = (
			);
			path = Models;
			sourceTree = "<group>";
		};
		9DBF3E2B2A922C1100B7D86A /* NetWorking */ = {
			isa = PBXGroup;
			children = (
			);
			path = NetWorking;
			sourceTree = "<group>";
		};
		9DBF3E2C2A922C1D00B7D86A /* Commons */ = {
			isa = PBXGroup;
			children = (
				9DBF3E2D2A922C2C00B7D86A /* Cells */,
			);
			path = Commons;
			sourceTree = "<group>";
		};
		9DBF3E2D2A922C2C00B7D86A /* Cells */ = {
			isa = PBXGroup;
			children = (
				9DBF3E302A922C8D00B7D86A /* TwoLabelTableViewCell.swift */,
				9DBF3E312A922C8D00B7D86A /* TwoLabelTableViewCell.xib */,
			);
			path = Cells;
			sourceTree = "<group>";
		};
		DBCFE9541E9B00C3FF2AEBDF /* Frameworks */ = {
			isa = PBXGroup;
			children = (
				64D4EF51DE289ECC41C1BB93 /* Pods_QRevise_Vocabulary.framework */,
				D27799E92CAFC00E734AA4A2 /* Pods_QRevise_Vocabulary_QRevise_VocabularyUITests.framework */,
				6B61B07297D8A454A751A4DB /* Pods_QRevise_VocabularyTests.framework */,
			);
			name = Frameworks;
			sourceTree = "<group>";
		};
		FF1BB41288E8B314D38E8DBD /* Pods */ = {
			isa = PBXGroup;
			children = (
				283B20006BCC9124ABFC0F06 /* Pods-QRevise_Vocabulary.debug.xcconfig */,
				D7E05C55E0A68DBC7A8E7B97 /* Pods-QRevise_Vocabulary.release.xcconfig */,
				E16DEA90A6580D0A5DAA6943 /* Pods-QRevise_Vocabulary-QRevise_VocabularyUITests.debug.xcconfig */,
				F2C2FC8E58F506CEEEB6B252 /* Pods-QRevise_Vocabulary-QRevise_VocabularyUITests.release.xcconfig */,
				C27EF1CECC53AE2D094218AD /* Pods-QRevise_VocabularyTests.debug.xcconfig */,
				B0DD25E4408B2CFCFBFF2B7B /* Pods-QRevise_VocabularyTests.release.xcconfig */,
			);
			path = Pods;
			sourceTree = "<group>";
		};
/* End PBXGroup section */

/* Begin PBXNativeTarget section */
		9DBF3DC12A92289E00B7D86A /* QRevise_Vocabulary */ = {
			isa = PBXNativeTarget;
			buildConfigurationList = 9DBF3DEC2A92289F00B7D86A /* Build configuration list for PBXNativeTarget "QRevise_Vocabulary" */;
			buildPhases = (
				FBBAC4237F831097662DA7B8 /* [CP] Check Pods Manifest.lock */,
				9DBF3DBE2A92289E00B7D86A /* Sources */,
				9DBF3DBF2A92289E00B7D86A /* Frameworks */,
				9DBF3DC02A92289E00B7D86A /* Resources */,
				F7DC5636298395624C68C179 /* [CP] Embed Pods Frameworks */,
			);
			buildRules = (
			);
			dependencies = (
			);
			name = QRevise_Vocabulary;
			productName = QRevise_Vocabulary;
			productReference = 9DBF3DC22A92289E00B7D86A /* QRevise_Vocabulary.app */;
			productType = "com.apple.product-type.application";
		};
		9DBF3DD72A92289F00B7D86A /* QRevise_VocabularyTests */ = {
			isa = PBXNativeTarget;
			buildConfigurationList = 9DBF3DEF2A92289F00B7D86A /* Build configuration list for PBXNativeTarget "QRevise_VocabularyTests" */;
			buildPhases = (
				AAA9B2BB6DCF68CBA9C2369E /* [CP] Check Pods Manifest.lock */,
				9DBF3DD42A92289F00B7D86A /* Sources */,
				9DBF3DD52A92289F00B7D86A /* Frameworks */,
				9DBF3DD62A92289F00B7D86A /* Resources */,
			);
			buildRules = (
			);
			dependencies = (
				9DBF3DDA2A92289F00B7D86A /* PBXTargetDependency */,
			);
			name = QRevise_VocabularyTests;
			productName = QRevise_VocabularyTests;
			productReference = 9DBF3DD82A92289F00B7D86A /* QRevise_VocabularyTests.xctest */;
			productType = "com.apple.product-type.bundle.unit-test";
		};
		9DBF3DE12A92289F00B7D86A /* QRevise_VocabularyUITests */ = {
			isa = PBXNativeTarget;
			buildConfigurationList = 9DBF3DF22A92289F00B7D86A /* Build configuration list for PBXNativeTarget "QRevise_VocabularyUITests" */;
			buildPhases = (
				5B472022193401B83C48547D /* [CP] Check Pods Manifest.lock */,
				9DBF3DDE2A92289F00B7D86A /* Sources */,
				9DBF3DDF2A92289F00B7D86A /* Frameworks */,
				9DBF3DE02A92289F00B7D86A /* Resources */,
				94B85C266B2D27C11F434BE0 /* [CP] Embed Pods Frameworks */,
			);
			buildRules = (
			);
			dependencies = (
				9DBF3DE42A92289F00B7D86A /* PBXTargetDependency */,
			);
			name = QRevise_VocabularyUITests;
			productName = QRevise_VocabularyUITests;
			productReference = 9DBF3DE22A92289F00B7D86A /* QRevise_VocabularyUITests.xctest */;
			productType = "com.apple.product-type.bundle.ui-testing";
		};
/* End PBXNativeTarget section */

/* Begin PBXProject section */
		9DBF3DBA2A92289E00B7D86A /* Project object */ = {
			isa = PBXProject;
			attributes = {
				BuildIndependentTargetsInParallel = 1;
				LastSwiftUpdateCheck = 1430;
				LastUpgradeCheck = 1430;
				TargetAttributes = {
					9DBF3DC12A92289E00B7D86A = {
						CreatedOnToolsVersion = 14.3.1;
					};
					9DBF3DD72A92289F00B7D86A = {
						CreatedOnToolsVersion = 14.3.1;
						TestTargetID = 9DBF3DC12A92289E00B7D86A;
					};
					9DBF3DE12A92289F00B7D86A = {
						CreatedOnToolsVersion = 14.3.1;
						TestTargetID = 9DBF3DC12A92289E00B7D86A;
					};
				};
			};
			buildConfigurationList = 9DBF3DBD2A92289E00B7D86A /* Build configuration list for PBXProject "QRevise_Vocabulary" */;
			compatibilityVersion = "Xcode 14.0";
			developmentRegion = en;
			hasScannedForEncodings = 0;
			knownRegions = (
				en,
				Base,
			);
			mainGroup = 9DBF3DB92A92289E00B7D86A;
			productRefGroup = 9DBF3DC32A92289E00B7D86A /* Products */;
			projectDirPath = "";
			projectRoot = "";
			targets = (
				9DBF3DC12A92289E00B7D86A /* QRevise_Vocabulary */,
				9DBF3DD72A92289F00B7D86A /* QRevise_VocabularyTests */,
				9DBF3DE12A92289F00B7D86A /* QRevise_VocabularyUITests */,
			);
		};
/* End PBXProject section */

/* Begin PBXResourcesBuildPhase section */
		9DBF3DC02A92289E00B7D86A /* Resources */ = {
			isa = PBXResourcesBuildPhase;
			buildActionMask = 2147483647;
			files = (
				9D88A9E72A98782500955B50 /* Nexa-Trial-Light.ttf in Resources */,
				9D88A9E12A98782500955B50 /* Nexa-Trial-Heavy.ttf in Resources */,
				9DBF3DD22A92289F00B7D86A /* LaunchScreen.storyboard in Resources */,
				9D88A9DF2A98782500955B50 /* Nexa-Trial-BookItalic.ttf in Resources */,
				9D88A9EE2A98782500955B50 /* Nexa-Trial-ThinItalic.ttf in Resources */,
				9D88A9E42A98782500955B50 /* Nexa-Trial-BlackItalic.ttf in Resources */,
				9D88A9E32A98782500955B50 /* Nexa-Trial-BoldItalic.ttf in Resources */,
				9DBF3DCF2A92289F00B7D86A /* Assets.xcassets in Resources */,
				9DBF3E1C2A922BAA00B7D86A /* ReviseWordViewController.xib in Resources */,
				9D88A9E02A98782500955B50 /* Nexa-Trial-Book.ttf in Resources */,
				9DBF3DCD2A92289E00B7D86A /* Main.storyboard in Resources */,
				9D88A9ED2A98782500955B50 /* Nexa-Trial-ExtraLightItalic.ttf in Resources */,
				9D88A9F02A98782500955B50 /* Nexa-Trial-Thin.ttf in Resources */,
				9D88A9EC2A98782500955B50 /* Nexa-Trial-RegularItalic.ttf in Resources */,
				9D88A9E22A98782500955B50 /* Nexa-Trial-ExtraLight.ttf in Resources */,
				9DBF3E332A922C8D00B7D86A /* TwoLabelTableViewCell.xib in Resources */,
				9D88A9E92A98782500955B50 /* Nexa-Trial-ExtraBold.ttf in Resources */,
				9D88A9EB2A98782500955B50 /* Nexa-Trial-Regular.ttf in Resources */,
				9DBF3E372A92301100B7D86A /* AddNewWordViewController.xib in Resources */,
				9D88A9EA2A98782500955B50 /* Nexa-Trial-LightItalic.ttf in Resources */,
				9D88A9E62A98782500955B50 /* Nexa-Trial-Bold.ttf in Resources */,
				9D88A9E52A98782500955B50 /* Nexa-Trial-ExtraBoldItalic.ttf in Resources */,
				9D88A9EF2A98782500955B50 /* Nexa-Trial-HeavyItalic.ttf in Resources */,
				9D88A9E82A98782500955B50 /* Nexa-Trial-Black.ttf in Resources */,
			);
			runOnlyForDeploymentPostprocessing = 0;
		};
		9DBF3DD62A92289F00B7D86A /* Resources */ = {
			isa = PBXResourcesBuildPhase;
			buildActionMask = 2147483647;
			files = (
			);
			runOnlyForDeploymentPostprocessing = 0;
		};
		9DBF3DE02A92289F00B7D86A /* Resources */ = {
			isa = PBXResourcesBuildPhase;
			buildActionMask = 2147483647;
			files = (
			);
			runOnlyForDeploymentPostprocessing = 0;
		};
/* End PBXResourcesBuildPhase section */

/* Begin PBXShellScriptBuildPhase section */
		5B472022193401B83C48547D /* [CP] Check Pods Manifest.lock */ = {
			isa = PBXShellScriptBuildPhase;
			buildActionMask = 2147483647;
			files = (
			);
			inputFileListPaths = (
			);
			inputPaths = (
				"${PODS_PODFILE_DIR_PATH}/Podfile.lock",
				"${PODS_ROOT}/Manifest.lock",
			);
			name = "[CP] Check Pods Manifest.lock";
			outputFileListPaths = (
			);
			outputPaths = (
				"$(DERIVED_FILE_DIR)/Pods-QRevise_Vocabulary-QRevise_VocabularyUITests-checkManifestLockResult.txt",
			);
			runOnlyForDeploymentPostprocessing = 0;
			shellPath = /bin/sh;
			shellScript = "diff \"${PODS_PODFILE_DIR_PATH}/Podfile.lock\" \"${PODS_ROOT}/Manifest.lock\" > /dev/null\nif [ $? != 0 ] ; then\n    # print error to STDERR\n    echo \"error: The sandbox is not in sync with the Podfile.lock. Run 'pod install' or update your CocoaPods installation.\" >&2\n    exit 1\nfi\n# This output is used by Xcode 'outputs' to avoid re-running this script phase.\necho \"SUCCESS\" > \"${SCRIPT_OUTPUT_FILE_0}\"\n";
			showEnvVarsInLog = 0;
		};
		94B85C266B2D27C11F434BE0 /* [CP] Embed Pods Frameworks */ = {
			isa = PBXShellScriptBuildPhase;
			buildActionMask = 2147483647;
			files = (
			);
			inputFileListPaths = (
				"${PODS_ROOT}/Target Support Files/Pods-QRevise_Vocabulary-QRevise_VocabularyUITests/Pods-QRevise_Vocabulary-QRevise_VocabularyUITests-frameworks-${CONFIGURATION}-input-files.xcfilelist",
			);
			name = "[CP] Embed Pods Frameworks";
			outputFileListPaths = (
				"${PODS_ROOT}/Target Support Files/Pods-QRevise_Vocabulary-QRevise_VocabularyUITests/Pods-QRevise_Vocabulary-QRevise_VocabularyUITests-frameworks-${CONFIGURATION}-output-files.xcfilelist",
			);
			runOnlyForDeploymentPostprocessing = 0;
			shellPath = /bin/sh;
			shellScript = "\"${PODS_ROOT}/Target Support Files/Pods-QRevise_Vocabulary-QRevise_VocabularyUITests/Pods-QRevise_Vocabulary-QRevise_VocabularyUITests-frameworks.sh\"\n";
			showEnvVarsInLog = 0;
		};
		AAA9B2BB6DCF68CBA9C2369E /* [CP] Check Pods Manifest.lock */ = {
			isa = PBXShellScriptBuildPhase;
			buildActionMask = 2147483647;
			files = (
			);
			inputFileListPaths = (
			);
			inputPaths = (
				"${PODS_PODFILE_DIR_PATH}/Podfile.lock",
				"${PODS_ROOT}/Manifest.lock",
			);
			name = "[CP] Check Pods Manifest.lock";
			outputFileListPaths = (
			);
			outputPaths = (
				"$(DERIVED_FILE_DIR)/Pods-QRevise_VocabularyTests-checkManifestLockResult.txt",
			);
			runOnlyForDeploymentPostprocessing = 0;
			shellPath = /bin/sh;
			shellScript = "diff \"${PODS_PODFILE_DIR_PATH}/Podfile.lock\" \"${PODS_ROOT}/Manifest.lock\" > /dev/null\nif [ $? != 0 ] ; then\n    # print error to STDERR\n    echo \"error: The sandbox is not in sync with the Podfile.lock. Run 'pod install' or update your CocoaPods installation.\" >&2\n    exit 1\nfi\n# This output is used by Xcode 'outputs' to avoid re-running this script phase.\necho \"SUCCESS\" > \"${SCRIPT_OUTPUT_FILE_0}\"\n";
			showEnvVarsInLog = 0;
		};
		F7DC5636298395624C68C179 /* [CP] Embed Pods Frameworks */ = {
			isa = PBXShellScriptBuildPhase;
			buildActionMask = 2147483647;
			files = (
			);
			inputFileListPaths = (
				"${PODS_ROOT}/Target Support Files/Pods-QRevise_Vocabulary/Pods-QRevise_Vocabulary-frameworks-${CONFIGURATION}-input-files.xcfilelist",
			);
			name = "[CP] Embed Pods Frameworks";
			outputFileListPaths = (
				"${PODS_ROOT}/Target Support Files/Pods-QRevise_Vocabulary/Pods-QRevise_Vocabulary-frameworks-${CONFIGURATION}-output-files.xcfilelist",
			);
			runOnlyForDeploymentPostprocessing = 0;
			shellPath = /bin/sh;
			shellScript = "\"${PODS_ROOT}/Target Support Files/Pods-QRevise_Vocabulary/Pods-QRevise_Vocabulary-frameworks.sh\"\n";
			showEnvVarsInLog = 0;
		};
		FBBAC4237F831097662DA7B8 /* [CP] Check Pods Manifest.lock */ = {
			isa = PBXShellScriptBuildPhase;
			buildActionMask = 2147483647;
			files = (
			);
			inputFileListPaths = (
			);
			inputPaths = (
				"${PODS_PODFILE_DIR_PATH}/Podfile.lock",
				"${PODS_ROOT}/Manifest.lock",
			);
			name = "[CP] Check Pods Manifest.lock";
			outputFileListPaths = (
			);
			outputPaths = (
				"$(DERIVED_FILE_DIR)/Pods-QRevise_Vocabulary-checkManifestLockResult.txt",
			);
			runOnlyForDeploymentPostprocessing = 0;
			shellPath = /bin/sh;
			shellScript = "diff \"${PODS_PODFILE_DIR_PATH}/Podfile.lock\" \"${PODS_ROOT}/Manifest.lock\" > /dev/null\nif [ $? != 0 ] ; then\n    # print error to STDERR\n    echo \"error: The sandbox is not in sync with the Podfile.lock. Run 'pod install' or update your CocoaPods installation.\" >&2\n    exit 1\nfi\n# This output is used by Xcode 'outputs' to avoid re-running this script phase.\necho \"SUCCESS\" > \"${SCRIPT_OUTPUT_FILE_0}\"\n";
			showEnvVarsInLog = 0;
		};
/* End PBXShellScriptBuildPhase section */

/* Begin PBXSourcesBuildPhase section */
		9DBF3DBE2A92289E00B7D86A /* Sources */ = {
			isa = PBXSourcesBuildPhase;
			buildActionMask = 2147483647;
			files = (
				9DBF3E0D2A922B6300B7D86A /* AppCoordinator.swift in Sources */,
				9D88A9CC2A98724300955B50 /* UIFont.swift in Sources */,
				9DBF3E0B2A922B5200B7D86A /* UITableViewCell.swift in Sources */,
				9DBF3DCA2A92289E00B7D86A /* ViewController.swift in Sources */,
				9DBF3E322A922C8D00B7D86A /* TwoLabelTableViewCell.swift in Sources */,
				9DBF3DC62A92289E00B7D86A /* AppDelegate.swift in Sources */,
				9DBF3E1D2A922BAA00B7D86A /* ReviseWordViewModel.swift in Sources */,
				9DBF3E0A2A922B5200B7D86A /* UILabel.swift in Sources */,
				9DBF3E362A92301100B7D86A /* AddNewWordViewController.swift in Sources */,
				9DBF3E1B2A922BAA00B7D86A /* ReviseWordViewController.swift in Sources */,
				9DBF3DC82A92289E00B7D86A /* SceneDelegate.swift in Sources */,
				9DBF3E272A922BE200B7D86A /* BaseRoute.swift in Sources */,
				9DBF3E292A922BE200B7D86A /* BaseCoordinator.swift in Sources */,
				9D88A9F32A988F5000955B50 /* UIColor.swift in Sources */,
				9DBF3E282A922BE200B7D86A /* BaseUINavigation.swift in Sources */,
				9DBF3E262A922BE200B7D86A /* BaseUIViewController.swift in Sources */,
				9DBF3E1F2A922BB700B7D86A /* LearningCoordinator.swift in Sources */,
				9DBF3E172A922B9F00B7D86A /* AddNewWordViewModel.swift in Sources */,
			);
			runOnlyForDeploymentPostprocessing = 0;
		};
		9DBF3DD42A92289F00B7D86A /* Sources */ = {
			isa = PBXSourcesBuildPhase;
			buildActionMask = 2147483647;
			files = (
				9DBF3DDD2A92289F00B7D86A /* QRevise_VocabularyTests.swift in Sources */,
			);
			runOnlyForDeploymentPostprocessing = 0;
		};
		9DBF3DDE2A92289F00B7D86A /* Sources */ = {
			isa = PBXSourcesBuildPhase;
			buildActionMask = 2147483647;
			files = (
				9DBF3DE92A92289F00B7D86A /* QRevise_VocabularyUITestsLaunchTests.swift in Sources */,
				9DBF3DE72A92289F00B7D86A /* QRevise_VocabularyUITests.swift in Sources */,
			);
			runOnlyForDeploymentPostprocessing = 0;
		};
/* End PBXSourcesBuildPhase section */

/* Begin PBXTargetDependency section */
		9DBF3DDA2A92289F00B7D86A /* PBXTargetDependency */ = {
			isa = PBXTargetDependency;
			target = 9DBF3DC12A92289E00B7D86A /* QRevise_Vocabulary */;
			targetProxy = 9DBF3DD92A92289F00B7D86A /* PBXContainerItemProxy */;
		};
		9DBF3DE42A92289F00B7D86A /* PBXTargetDependency */ = {
			isa = PBXTargetDependency;
			target = 9DBF3DC12A92289E00B7D86A /* QRevise_Vocabulary */;
			targetProxy = 9DBF3DE32A92289F00B7D86A /* PBXContainerItemProxy */;
		};
/* End PBXTargetDependency section */

/* Begin PBXVariantGroup section */
		9DBF3DCB2A92289E00B7D86A /* Main.storyboard */ = {
			isa = PBXVariantGroup;
			children = (
				9DBF3DCC2A92289E00B7D86A /* Base */,
			);
			name = Main.storyboard;
			sourceTree = "<group>";
		};
		9DBF3DD02A92289F00B7D86A /* LaunchScreen.storyboard */ = {
			isa = PBXVariantGroup;
			children = (
				9DBF3DD12A92289F00B7D86A /* Base */,
			);
			name = LaunchScreen.storyboard;
			sourceTree = "<group>";
		};
/* End PBXVariantGroup section */

/* Begin XCBuildConfiguration section */
		9DBF3DEA2A92289F00B7D86A /* Debug */ = {
			isa = XCBuildConfiguration;
			buildSettings = {
				ALWAYS_SEARCH_USER_PATHS = NO;
				CLANG_ANALYZER_NONNULL = YES;
				CLANG_ANALYZER_NUMBER_OBJECT_CONVERSION = YES_AGGRESSIVE;
				CLANG_CXX_LANGUAGE_STANDARD = "gnu++20";
				CLANG_ENABLE_MODULES = YES;
				CLANG_ENABLE_OBJC_ARC = YES;
				CLANG_ENABLE_OBJC_WEAK = YES;
				CLANG_WARN_BLOCK_CAPTURE_AUTORELEASING = YES;
				CLANG_WARN_BOOL_CONVERSION = YES;
				CLANG_WARN_COMMA = YES;
				CLANG_WARN_CONSTANT_CONVERSION = YES;
				CLANG_WARN_DEPRECATED_OBJC_IMPLEMENTATIONS = YES;
				CLANG_WARN_DIRECT_OBJC_ISA_USAGE = YES_ERROR;
				CLANG_WARN_DOCUMENTATION_COMMENTS = YES;
				CLANG_WARN_EMPTY_BODY = YES;
				CLANG_WARN_ENUM_CONVERSION = YES;
				CLANG_WARN_INFINITE_RECURSION = YES;
				CLANG_WARN_INT_CONVERSION = YES;
				CLANG_WARN_NON_LITERAL_NULL_CONVERSION = YES;
				CLANG_WARN_OBJC_IMPLICIT_RETAIN_SELF = YES;
				CLANG_WARN_OBJC_LITERAL_CONVERSION = YES;
				CLANG_WARN_OBJC_ROOT_CLASS = YES_ERROR;
				CLANG_WARN_QUOTED_INCLUDE_IN_FRAMEWORK_HEADER = YES;
				CLANG_WARN_RANGE_LOOP_ANALYSIS = YES;
				CLANG_WARN_STRICT_PROTOTYPES = YES;
				CLANG_WARN_SUSPICIOUS_MOVE = YES;
				CLANG_WARN_UNGUARDED_AVAILABILITY = YES_AGGRESSIVE;
				CLANG_WARN_UNREACHABLE_CODE = YES;
				CLANG_WARN__DUPLICATE_METHOD_MATCH = YES;
				COPY_PHASE_STRIP = NO;
				DEBUG_INFORMATION_FORMAT = dwarf;
				ENABLE_STRICT_OBJC_MSGSEND = YES;
				ENABLE_TESTABILITY = YES;
				GCC_C_LANGUAGE_STANDARD = gnu11;
				GCC_DYNAMIC_NO_PIC = NO;
				GCC_NO_COMMON_BLOCKS = YES;
				GCC_OPTIMIZATION_LEVEL = 0;
				GCC_PREPROCESSOR_DEFINITIONS = (
					"DEBUG=1",
					"$(inherited)",
				);
				GCC_WARN_64_TO_32_BIT_CONVERSION = YES;
				GCC_WARN_ABOUT_RETURN_TYPE = YES_ERROR;
				GCC_WARN_UNDECLARED_SELECTOR = YES;
				GCC_WARN_UNINITIALIZED_AUTOS = YES_AGGRESSIVE;
				GCC_WARN_UNUSED_FUNCTION = YES;
				GCC_WARN_UNUSED_VARIABLE = YES;
				IPHONEOS_DEPLOYMENT_TARGET = 16.4;
				MTL_ENABLE_DEBUG_INFO = INCLUDE_SOURCE;
				MTL_FAST_MATH = YES;
				ONLY_ACTIVE_ARCH = YES;
				SDKROOT = iphoneos;
				SWIFT_ACTIVE_COMPILATION_CONDITIONS = DEBUG;
				SWIFT_OPTIMIZATION_LEVEL = "-Onone";
			};
			name = Debug;
		};
		9DBF3DEB2A92289F00B7D86A /* Release */ = {
			isa = XCBuildConfiguration;
			buildSettings = {
				ALWAYS_SEARCH_USER_PATHS = NO;
				CLANG_ANALYZER_NONNULL = YES;
				CLANG_ANALYZER_NUMBER_OBJECT_CONVERSION = YES_AGGRESSIVE;
				CLANG_CXX_LANGUAGE_STANDARD = "gnu++20";
				CLANG_ENABLE_MODULES = YES;
				CLANG_ENABLE_OBJC_ARC = YES;
				CLANG_ENABLE_OBJC_WEAK = YES;
				CLANG_WARN_BLOCK_CAPTURE_AUTORELEASING = YES;
				CLANG_WARN_BOOL_CONVERSION = YES;
				CLANG_WARN_COMMA = YES;
				CLANG_WARN_CONSTANT_CONVERSION = YES;
				CLANG_WARN_DEPRECATED_OBJC_IMPLEMENTATIONS = YES;
				CLANG_WARN_DIRECT_OBJC_ISA_USAGE = YES_ERROR;
				CLANG_WARN_DOCUMENTATION_COMMENTS = YES;
				CLANG_WARN_EMPTY_BODY = YES;
				CLANG_WARN_ENUM_CONVERSION = YES;
				CLANG_WARN_INFINITE_RECURSION = YES;
				CLANG_WARN_INT_CONVERSION = YES;
				CLANG_WARN_NON_LITERAL_NULL_CONVERSION = YES;
				CLANG_WARN_OBJC_IMPLICIT_RETAIN_SELF = YES;
				CLANG_WARN_OBJC_LITERAL_CONVERSION = YES;
				CLANG_WARN_OBJC_ROOT_CLASS = YES_ERROR;
				CLANG_WARN_QUOTED_INCLUDE_IN_FRAMEWORK_HEADER = YES;
				CLANG_WARN_RANGE_LOOP_ANALYSIS = YES;
				CLANG_WARN_STRICT_PROTOTYPES = YES;
				CLANG_WARN_SUSPICIOUS_MOVE = YES;
				CLANG_WARN_UNGUARDED_AVAILABILITY = YES_AGGRESSIVE;
				CLANG_WARN_UNREACHABLE_CODE = YES;
				CLANG_WARN__DUPLICATE_METHOD_MATCH = YES;
				COPY_PHASE_STRIP = NO;
				DEBUG_INFORMATION_FORMAT = "dwarf-with-dsym";
				ENABLE_NS_ASSERTIONS = NO;
				ENABLE_STRICT_OBJC_MSGSEND = YES;
				GCC_C_LANGUAGE_STANDARD = gnu11;
				GCC_NO_COMMON_BLOCKS = YES;
				GCC_WARN_64_TO_32_BIT_CONVERSION = YES;
				GCC_WARN_ABOUT_RETURN_TYPE = YES_ERROR;
				GCC_WARN_UNDECLARED_SELECTOR = YES;
				GCC_WARN_UNINITIALIZED_AUTOS = YES_AGGRESSIVE;
				GCC_WARN_UNUSED_FUNCTION = YES;
				GCC_WARN_UNUSED_VARIABLE = YES;
				IPHONEOS_DEPLOYMENT_TARGET = 16.4;
				MTL_ENABLE_DEBUG_INFO = NO;
				MTL_FAST_MATH = YES;
				SDKROOT = iphoneos;
				SWIFT_COMPILATION_MODE = wholemodule;
				SWIFT_OPTIMIZATION_LEVEL = "-O";
				VALIDATE_PRODUCT = YES;
			};
			name = Release;
		};
		9DBF3DED2A92289F00B7D86A /* Debug */ = {
			isa = XCBuildConfiguration;
			baseConfigurationReference = 283B20006BCC9124ABFC0F06 /* Pods-QRevise_Vocabulary.debug.xcconfig */;
			buildSettings = {
				ASSETCATALOG_COMPILER_APPICON_NAME = AppIcon;
				ASSETCATALOG_COMPILER_GLOBAL_ACCENT_COLOR_NAME = AccentColor;
				CODE_SIGN_STYLE = Automatic;
				CURRENT_PROJECT_VERSION = 1;
				GENERATE_INFOPLIST_FILE = YES;
				INFOPLIST_FILE = QRevise_Vocabulary/Info.plist;
				INFOPLIST_KEY_UIApplicationSupportsIndirectInputEvents = YES;
				INFOPLIST_KEY_UILaunchStoryboardName = LaunchScreen;
				INFOPLIST_KEY_UIMainStoryboardFile = Main;
				INFOPLIST_KEY_UISupportedInterfaceOrientations_iPad = "UIInterfaceOrientationPortrait UIInterfaceOrientationPortraitUpsideDown UIInterfaceOrientationLandscapeLeft UIInterfaceOrientationLandscapeRight";
				INFOPLIST_KEY_UISupportedInterfaceOrientations_iPhone = "UIInterfaceOrientationPortrait UIInterfaceOrientationLandscapeLeft UIInterfaceOrientationLandscapeRight";
				LD_RUNPATH_SEARCH_PATHS = (
					"$(inherited)",
					"@executable_path/Frameworks",
				);
				MARKETING_VERSION = 1.0;
				PRODUCT_BUNDLE_IDENTIFIER = "-23.QRevise-Vocabulary";
				PRODUCT_NAME = "$(TARGET_NAME)";
				SWIFT_EMIT_LOC_STRINGS = YES;
				SWIFT_VERSION = 5.0;
				TARGETED_DEVICE_FAMILY = "1,2";
			};
			name = Debug;
		};
		9DBF3DEE2A92289F00B7D86A /* Release */ = {
			isa = XCBuildConfiguration;
			baseConfigurationReference = D7E05C55E0A68DBC7A8E7B97 /* Pods-QRevise_Vocabulary.release.xcconfig */;
			buildSettings = {
				ASSETCATALOG_COMPILER_APPICON_NAME = AppIcon;
				ASSETCATALOG_COMPILER_GLOBAL_ACCENT_COLOR_NAME = AccentColor;
				CODE_SIGN_STYLE = Automatic;
				CURRENT_PROJECT_VERSION = 1;
				GENERATE_INFOPLIST_FILE = YES;
				INFOPLIST_FILE = QRevise_Vocabulary/Info.plist;
				INFOPLIST_KEY_UIApplicationSupportsIndirectInputEvents = YES;
				INFOPLIST_KEY_UILaunchStoryboardName = LaunchScreen;
				INFOPLIST_KEY_UIMainStoryboardFile = Main;
				INFOPLIST_KEY_UISupportedInterfaceOrientations_iPad = "UIInterfaceOrientationPortrait UIInterfaceOrientationPortraitUpsideDown UIInterfaceOrientationLandscapeLeft UIInterfaceOrientationLandscapeRight";
				INFOPLIST_KEY_UISupportedInterfaceOrientations_iPhone = "UIInterfaceOrientationPortrait UIInterfaceOrientationLandscapeLeft UIInterfaceOrientationLandscapeRight";
				LD_RUNPATH_SEARCH_PATHS = (
					"$(inherited)",
					"@executable_path/Frameworks",
				);
				MARKETING_VERSION = 1.0;
				PRODUCT_BUNDLE_IDENTIFIER = "-23.QRevise-Vocabulary";
				PRODUCT_NAME = "$(TARGET_NAME)";
				SWIFT_EMIT_LOC_STRINGS = YES;
				SWIFT_VERSION = 5.0;
				TARGETED_DEVICE_FAMILY = "1,2";
			};
			name = Release;
		};
		9DBF3DF02A92289F00B7D86A /* Debug */ = {
			isa = XCBuildConfiguration;
			baseConfigurationReference = C27EF1CECC53AE2D094218AD /* Pods-QRevise_VocabularyTests.debug.xcconfig */;
			buildSettings = {
				ALWAYS_EMBED_SWIFT_STANDARD_LIBRARIES = YES;
				BUNDLE_LOADER = "$(TEST_HOST)";
				CODE_SIGN_STYLE = Automatic;
				CURRENT_PROJECT_VERSION = 1;
				GENERATE_INFOPLIST_FILE = YES;
				IPHONEOS_DEPLOYMENT_TARGET = 16.4;
				MARKETING_VERSION = 1.0;
				PRODUCT_BUNDLE_IDENTIFIER = "-23.QRevise-VocabularyTests";
				PRODUCT_NAME = "$(TARGET_NAME)";
				SWIFT_EMIT_LOC_STRINGS = NO;
				SWIFT_VERSION = 5.0;
				TARGETED_DEVICE_FAMILY = "1,2";
				TEST_HOST = "$(BUILT_PRODUCTS_DIR)/QRevise_Vocabulary.app/$(BUNDLE_EXECUTABLE_FOLDER_PATH)/QRevise_Vocabulary";
			};
			name = Debug;
		};
		9DBF3DF12A92289F00B7D86A /* Release */ = {
			isa = XCBuildConfiguration;
			baseConfigurationReference = B0DD25E4408B2CFCFBFF2B7B /* Pods-QRevise_VocabularyTests.release.xcconfig */;
			buildSettings = {
				ALWAYS_EMBED_SWIFT_STANDARD_LIBRARIES = YES;
				BUNDLE_LOADER = "$(TEST_HOST)";
				CODE_SIGN_STYLE = Automatic;
				CURRENT_PROJECT_VERSION = 1;
				GENERATE_INFOPLIST_FILE = YES;
				IPHONEOS_DEPLOYMENT_TARGET = 16.4;
				MARKETING_VERSION = 1.0;
				PRODUCT_BUNDLE_IDENTIFIER = "-23.QRevise-VocabularyTests";
				PRODUCT_NAME = "$(TARGET_NAME)";
				SWIFT_EMIT_LOC_STRINGS = NO;
				SWIFT_VERSION = 5.0;
				TARGETED_DEVICE_FAMILY = "1,2";
				TEST_HOST = "$(BUILT_PRODUCTS_DIR)/QRevise_Vocabulary.app/$(BUNDLE_EXECUTABLE_FOLDER_PATH)/QRevise_Vocabulary";
			};
			name = Release;
		};
		9DBF3DF32A92289F00B7D86A /* Debug */ = {
			isa = XCBuildConfiguration;
			baseConfigurationReference = E16DEA90A6580D0A5DAA6943 /* Pods-QRevise_Vocabulary-QRevise_VocabularyUITests.debug.xcconfig */;
			buildSettings = {
				ALWAYS_EMBED_SWIFT_STANDARD_LIBRARIES = YES;
				CODE_SIGN_STYLE = Automatic;
				CURRENT_PROJECT_VERSION = 1;
				GENERATE_INFOPLIST_FILE = YES;
				MARKETING_VERSION = 1.0;
				PRODUCT_BUNDLE_IDENTIFIER = "-23.QRevise-VocabularyUITests";
				PRODUCT_NAME = "$(TARGET_NAME)";
				SWIFT_EMIT_LOC_STRINGS = NO;
				SWIFT_VERSION = 5.0;
				TARGETED_DEVICE_FAMILY = "1,2";
				TEST_TARGET_NAME = QRevise_Vocabulary;
			};
			name = Debug;
		};
		9DBF3DF42A92289F00B7D86A /* Release */ = {
			isa = XCBuildConfiguration;
			baseConfigurationReference = F2C2FC8E58F506CEEEB6B252 /* Pods-QRevise_Vocabulary-QRevise_VocabularyUITests.release.xcconfig */;
			buildSettings = {
				ALWAYS_EMBED_SWIFT_STANDARD_LIBRARIES = YES;
				CODE_SIGN_STYLE = Automatic;
				CURRENT_PROJECT_VERSION = 1;
				GENERATE_INFOPLIST_FILE = YES;
				MARKETING_VERSION = 1.0;
				PRODUCT_BUNDLE_IDENTIFIER = "-23.QRevise-VocabularyUITests";
				PRODUCT_NAME = "$(TARGET_NAME)";
				SWIFT_EMIT_LOC_STRINGS = NO;
				SWIFT_VERSION = 5.0;
				TARGETED_DEVICE_FAMILY = "1,2";
				TEST_TARGET_NAME = QRevise_Vocabulary;
			};
			name = Release;
		};
/* End XCBuildConfiguration section */

/* Begin XCConfigurationList section */
		9DBF3DBD2A92289E00B7D86A /* Build configuration list for PBXProject "QRevise_Vocabulary" */ = {
			isa = XCConfigurationList;
			buildConfigurations = (
				9DBF3DEA2A92289F00B7D86A /* Debug */,
				9DBF3DEB2A92289F00B7D86A /* Release */,
			);
			defaultConfigurationIsVisible = 0;
			defaultConfigurationName = Release;
		};
		9DBF3DEC2A92289F00B7D86A /* Build configuration list for PBXNativeTarget "QRevise_Vocabulary" */ = {
			isa = XCConfigurationList;
			buildConfigurations = (
				9DBF3DED2A92289F00B7D86A /* Debug */,
				9DBF3DEE2A92289F00B7D86A /* Release */,
			);
			defaultConfigurationIsVisible = 0;
			defaultConfigurationName = Release;
		};
		9DBF3DEF2A92289F00B7D86A /* Build configuration list for PBXNativeTarget "QRevise_VocabularyTests" */ = {
			isa = XCConfigurationList;
			buildConfigurations = (
				9DBF3DF02A92289F00B7D86A /* Debug */,
				9DBF3DF12A92289F00B7D86A /* Release */,
			);
			defaultConfigurationIsVisible = 0;
			defaultConfigurationName = Release;
		};
		9DBF3DF22A92289F00B7D86A /* Build configuration list for PBXNativeTarget "QRevise_VocabularyUITests" */ = {
			isa = XCConfigurationList;
			buildConfigurations = (
				9DBF3DF32A92289F00B7D86A /* Debug */,
				9DBF3DF42A92289F00B7D86A /* Release */,
			);
			defaultConfigurationIsVisible = 0;
			defaultConfigurationName = Release;
		};
/* End XCConfigurationList section */
	};
	rootObject = 9DBF3DBA2A92289E00B7D86A /* Project object */;
}
